
Microsoft Visual Studio Solution File, Format Version 12.00
# Visual Studio Version 16
VisualStudioVersion = 16.0.29609.76
MinimumVisualStudioVersion = 10.0.40219.1
Project("{FAE04EC0-301F-11D3-BF4B-00C04F79EFBC}") = "ConsoleStein", "ConsoleStein.csproj", "{BC081E5A-D40D-4011-B498-20F7F95A8FE2}"
EndProject
Project("{FAE04EC0-301F-11D3-BF4B-00C04F79EFBC}") = "SpriteEditor", "..\SpriteEditor\SpriteEditor.csproj", "{2836A07E-EECD-4A95-B7C1-31E4D29EA3B1}"
EndProject
Global
	GlobalSection(SolutionConfigurationPlatforms) = preSolution
		Debug|Any CPU = Debug|Any CPU
		Release|Any CPU = Release|Any CPU
	EndGlobalSection
	GlobalSection(ProjectConfigurationPlatforms) = postSolution
		{BC081E5A-D40D-4011-B498-20F7F95A8FE2}.Debug|Any CPU.ActiveCfg = Debug|Any CPU
		{BC081E5A-D40D-4011-B498-20F7F95A8FE2}.Debug|Any CPU.Build.0 = Debug|Any CPU
		{BC081E5A-D40D-4011-B498-20F7F95A8FE2}.Release|Any CPU.ActiveCfg = Release|Any CPU
		{BC081E5A-D40D-4011-B498-20F7F95A8FE2}.Release|Any CPU.Build.0 = Release|Any CPU
		{2836A07E-EECD-4A95-B7C1-31E4D29EA3B1}.Debug|Any CPU.ActiveCfg = Debug|Any CPU
		{2836A07E-EECD-4A95-B7C1-31E4D29EA3B1}.Debug|Any CPU.Build.0 = Debug|Any CPU
		{2836A07E-EECD-4A95-B7C1-31E4D29EA3B1}.Release|Any CPU.ActiveCfg = Release|Any CPU
		{2836A07E-EECD-4A95-B7C1-31E4D29EA3B1}.Release|Any CPU.Build.0 = Release|Any CPU
	EndGlobalSection
	GlobalSection(SolutionProperties) = preSolution
		HideSolutionNode = FALSE
	EndGlobalSection
	GlobalSection(ExtensibilityGlobals) = postSolution
		SolutionGuid = {D6B7A569-0F72-48BD-AFB7-104FBD082B94}
	EndGlobalSection
EndGlobal
